
Microsoft Visual Studio Solution File, Format Version 12.00
# Visual Studio Version 16
VisualStudioVersion = 16.0.30717.126
MinimumVisualStudioVersion = 10.0.40219.1
Project("{9A19103F-16F7-4668-BE54-9A1E7A4F7556}") = "WinRT.Core.Api", "WinRT.Core.Api\WinRT.Core.Api.csproj", "{2C5EDC1A-B0D4-4C82-BF5B-9C1BD7F9EBD7}"
EndProject
Project("{9A19103F-16F7-4668-BE54-9A1E7A4F7556}") = "WinRT.Core.Model", "WinRT.Core.Model\WinRT.Core.Model.csproj", "{6058B758-1596-4038-9AEA-A23260408762}"
EndProject
Project("{9A19103F-16F7-4668-BE54-9A1E7A4F7556}") = "WinRT.Core.Repository", "WinRT.Core.Repository\WinRT.Core.Repository.csproj", "{B46E8159-CE29-4043-9B97-18208B8A51A5}"
EndProject
Project("{9A19103F-16F7-4668-BE54-9A1E7A4F7556}") = "WinRT.Core.IServices", "WinRT.Core.IServices\WinRT.Core.IServices.csproj", "{96735664-BF75-41FA-8ADC-D760AF9C4516}"
EndProject
Project("{9A19103F-16F7-4668-BE54-9A1E7A4F7556}") = "WinRT.Core.Services", "WinRT.Core.Services\WinRT.Core.Services.csproj", "{8F7E2159-4372-42F3-873C-A3E4AB44C6EE}"
EndProject
Project("{9A19103F-16F7-4668-BE54-9A1E7A4F7556}") = "WinRT.Core.Common", "WinRT.Core.Common\WinRT.Core.Common.csproj", "{BB5CF5CC-2670-4ECF-BFFF-6BA8DB26736C}"
EndProject
Global
	GlobalSection(SolutionConfigurationPlatforms) = preSolution
		Debug|Any CPU = Debug|Any CPU
		Release|Any CPU = Release|Any CPU
	EndGlobalSection
	GlobalSection(ProjectConfigurationPlatforms) = postSolution
		{2C5EDC1A-B0D4-4C82-BF5B-9C1BD7F9EBD7}.Debug|Any CPU.ActiveCfg = Debug|Any CPU
		{2C5EDC1A-B0D4-4C82-BF5B-9C1BD7F9EBD7}.Debug|Any CPU.Build.0 = Debug|Any CPU
		{2C5EDC1A-B0D4-4C82-BF5B-9C1BD7F9EBD7}.Release|Any CPU.ActiveCfg = Release|Any CPU
		{2C5EDC1A-B0D4-4C82-BF5B-9C1BD7F9EBD7}.Release|Any CPU.Build.0 = Release|Any CPU
		{6058B758-1596-4038-9AEA-A23260408762}.Debug|Any CPU.ActiveCfg = Debug|Any CPU
		{6058B758-1596-4038-9AEA-A23260408762}.Debug|Any CPU.Build.0 = Debug|Any CPU
		{6058B758-1596-4038-9AEA-A23260408762}.Release|Any CPU.ActiveCfg = Release|Any CPU
		{6058B758-1596-4038-9AEA-A23260408762}.Release|Any CPU.Build.0 = Release|Any CPU
		{B46E8159-CE29-4043-9B97-18208B8A51A5}.Debug|Any CPU.ActiveCfg = Debug|Any CPU
		{B46E8159-CE29-4043-9B97-18208B8A51A5}.Debug|Any CPU.Build.0 = Debug|Any CPU
		{B46E8159-CE29-4043-9B97-18208B8A51A5}.Release|Any CPU.ActiveCfg = Release|Any CPU
		{B46E8159-CE29-4043-9B97-18208B8A51A5}.Release|Any CPU.Build.0 = Release|Any CPU
		{96735664-BF75-41FA-8ADC-D760AF9C4516}.Debug|Any CPU.ActiveCfg = Debug|Any CPU
		{96735664-BF75-41FA-8ADC-D760AF9C4516}.Debug|Any CPU.Build.0 = Debug|Any CPU
		{96735664-BF75-41FA-8ADC-D760AF9C4516}.Release|Any CPU.ActiveCfg = Release|Any CPU
		{96735664-BF75-41FA-8ADC-D760AF9C4516}.Release|Any CPU.Build.0 = Release|Any CPU
		{8F7E2159-4372-42F3-873C-A3E4AB44C6EE}.Debug|Any CPU.ActiveCfg = Debug|Any CPU
		{8F7E2159-4372-42F3-873C-A3E4AB44C6EE}.Debug|Any CPU.Build.0 = Debug|Any CPU
		{8F7E2159-4372-42F3-873C-A3E4AB44C6EE}.Release|Any CPU.ActiveCfg = Release|Any CPU
		{8F7E2159-4372-42F3-873C-A3E4AB44C6EE}.Release|Any CPU.Build.0 = Release|Any CPU
		{BB5CF5CC-2670-4ECF-BFFF-6BA8DB26736C}.Debug|Any CPU.ActiveCfg = Debug|Any CPU
		{BB5CF5CC-2670-4ECF-BFFF-6BA8DB26736C}.Debug|Any CPU.Build.0 = Debug|Any CPU
		{BB5CF5CC-2670-4ECF-BFFF-6BA8DB26736C}.Release|Any CPU.ActiveCfg = Release|Any CPU
		{BB5CF5CC-2670-4ECF-BFFF-6BA8DB26736C}.Release|Any CPU.Build.0 = Release|Any CPU
	EndGlobalSection
	GlobalSection(SolutionProperties) = preSolution
		HideSolutionNode = FALSE
	EndGlobalSection
	GlobalSection(ExtensibilityGlobals) = postSolution
		SolutionGuid = {FBD863FF-1951-43C8-93E3-175DDD24C42E}
	EndGlobalSection
EndGlobal
